// !$*UTF8*$!
{
	archiveVersion = 1;
	classes = {
	};
	objectVersion = 52;
	objects = {

/* Begin PBXBuildFile section */
		311BCCEF250BF9C00084B100 /* MenuView.swift in Sources */ = {isa = PBXBuildFile; fileRef = 311BCCEE250BF9C00084B100 /* MenuView.swift */; };
		311BCCF1250BFD710084B100 /* RoundedRect.swift in Sources */ = {isa = PBXBuildFile; fileRef = 311BCCF0250BFD710084B100 /* RoundedRect.swift */; };
		311BCCF3250C005A0084B100 /* VisualEffectView.swift in Sources */ = {isa = PBXBuildFile; fileRef = 311BCCF2250C005A0084B100 /* VisualEffectView.swift */; };
		313D050C2512BAF100A703E9 /* FilterSlider.swift in Sources */ = {isa = PBXBuildFile; fileRef = 313D050B2512BAF100A703E9 /* FilterSlider.swift */; };
		314E1E29250BBBB40053ACAA /* DragModifier.swift in Sources */ = {isa = PBXBuildFile; fileRef = 314E1E28250BBBB40053ACAA /* DragModifier.swift */; };
		314E1E2B250BBBD00053ACAA /* MagnificationModifier.swift in Sources */ = {isa = PBXBuildFile; fileRef = 314E1E2A250BBBD00053ACAA /* MagnificationModifier.swift */; };
		3157FA8025783DF3005001F5 /* TelemetryClient in Frameworks */ = {isa = PBXBuildFile; productRef = 3157FA7F25783DF3005001F5 /* TelemetryClient */; };
		3157FA8B2578429D005001F5 /* MainAppTests.swift in Sources */ = {isa = PBXBuildFile; fileRef = 3157FA8A2578429D005001F5 /* MainAppTests.swift */; };
		315D89A7250F88E000DFF6FC /* MenuState.swift in Sources */ = {isa = PBXBuildFile; fileRef = 315D89A6250F88E000DFF6FC /* MenuState.swift */; };
		315D89A9250F88ED00DFF6FC /* MenuAction.swift in Sources */ = {isa = PBXBuildFile; fileRef = 315D89A8250F88ED00DFF6FC /* MenuAction.swift */; };
		315D89AB250F88F600DFF6FC /* MenuReducer.swift in Sources */ = {isa = PBXBuildFile; fileRef = 315D89AA250F88F600DFF6FC /* MenuReducer.swift */; };
		315D89AD250F89A600DFF6FC /* MenuViewState.swift in Sources */ = {isa = PBXBuildFile; fileRef = 315D89AC250F89A600DFF6FC /* MenuViewState.swift */; };
		315D89AF250FAD7000DFF6FC /* MainState.swift in Sources */ = {isa = PBXBuildFile; fileRef = 315D89AE250FAD7000DFF6FC /* MainState.swift */; };
		315D89B1250FAE6100DFF6FC /* MainAction.swift in Sources */ = {isa = PBXBuildFile; fileRef = 315D89B0250FAE6100DFF6FC /* MainAction.swift */; };
		315D89B3250FAE6A00DFF6FC /* MainReducer.swift in Sources */ = {isa = PBXBuildFile; fileRef = 315D89B2250FAE6A00DFF6FC /* MainReducer.swift */; };
		315D89C4250FB41300DFF6FC /* SnapshotTesting in Frameworks */ = {isa = PBXBuildFile; productRef = 315D89C3250FB41300DFF6FC /* SnapshotTesting */; };
		315D89D2250FB60300DFF6FC /* MenuReducerTests.swift in Sources */ = {isa = PBXBuildFile; fileRef = 315D89D0250FB5FE00DFF6FC /* MenuReducerTests.swift */; };
		315D89D4250FB61000DFF6FC /* MenuViewTests.swift in Sources */ = {isa = PBXBuildFile; fileRef = 315D89D3250FB61000DFF6FC /* MenuViewTests.swift */; };
		315D89D8250FBA6900DFF6FC /* MainReducerTests.swift in Sources */ = {isa = PBXBuildFile; fileRef = 315D89D6250FBA6600DFF6FC /* MainReducerTests.swift */; };
		315D89DB250FBC0200DFF6FC /* EditorReducerTests.swift in Sources */ = {isa = PBXBuildFile; fileRef = 315D89DA250FBC0200DFF6FC /* EditorReducerTests.swift */; };
		315D89DE250FBD4000DFF6FC /* EditorViewTests.swift in Sources */ = {isa = PBXBuildFile; fileRef = 315D89DC250FBD2700DFF6FC /* EditorViewTests.swift */; };
		315D89E1250FBE5E00DFF6FC /* CanvasViewTests.swift in Sources */ = {isa = PBXBuildFile; fileRef = 315D89E0250FBE5E00DFF6FC /* CanvasViewTests.swift */; };
		315D89E3250FC06F00DFF6FC /* CanvasReducerTests.swift in Sources */ = {isa = PBXBuildFile; fileRef = 315D89E2250FC06F00DFF6FC /* CanvasReducerTests.swift */; };
		317BB156250D05D600FEA20D /* CGRect+Center.swift in Sources */ = {isa = PBXBuildFile; fileRef = 317BB155250D05D600FEA20D /* CGRect+Center.swift */; };
		317EBC1D250C59D600E7F7CE /* CGAffineTransform+Scaled.swift in Sources */ = {isa = PBXBuildFile; fileRef = 317EBC1C250C59D600E7F7CE /* CGAffineTransform+Scaled.swift */; };
		317EBC23250C5AED00E7F7CE /* GeometryProxy+Size.swift in Sources */ = {isa = PBXBuildFile; fileRef = 317EBC22250C5AED00E7F7CE /* GeometryProxy+Size.swift */; };
		3187BD71250EB1FA0033E053 /* ComposableArchitecture in Frameworks */ = {isa = PBXBuildFile; productRef = 3187BD70250EB1FA0033E053 /* ComposableArchitecture */; };
		31BCD13B25102395007E33B4 /* CanvasRenderer.swift in Sources */ = {isa = PBXBuildFile; fileRef = 31BCD13A25102395007E33B4 /* CanvasRenderer.swift */; };
		31BCD13D25102441007E33B4 /* MainEnvironment.swift in Sources */ = {isa = PBXBuildFile; fileRef = 31BCD13C25102441007E33B4 /* MainEnvironment.swift */; };
		31BCE3AC250AC23300B8E259 /* MainApp.swift in Sources */ = {isa = PBXBuildFile; fileRef = 31BCE3AB250AC23300B8E259 /* MainApp.swift */; };
		31BCE3AE250AC23300B8E259 /* EditorView.swift in Sources */ = {isa = PBXBuildFile; fileRef = 31BCE3AD250AC23300B8E259 /* EditorView.swift */; };
		31BCE3B0250AC23500B8E259 /* Assets.xcassets in Resources */ = {isa = PBXBuildFile; fileRef = 31BCE3AF250AC23500B8E259 /* Assets.xcassets */; };
		31BDE05F2512523E00668D3E /* PhotoLibraryWriterTests.swift in Sources */ = {isa = PBXBuildFile; fileRef = 31BDE05E2512523E00668D3E /* PhotoLibraryWriterTests.swift */; };
		31BE6153250AC7790032CE9D /* ImagePicker.swift in Sources */ = {isa = PBXBuildFile; fileRef = 31BE6152250AC7790032CE9D /* ImagePicker.swift */; };
		31D7D239250EB63B00BEC3EA /* EditorState.swift in Sources */ = {isa = PBXBuildFile; fileRef = 31D7D238250EB63B00BEC3EA /* EditorState.swift */; };
		31D7D23B250EB64500BEC3EA /* EditorAction.swift in Sources */ = {isa = PBXBuildFile; fileRef = 31D7D23A250EB64500BEC3EA /* EditorAction.swift */; };
		31D7D23D250EB65300BEC3EA /* EditorReducer.swift in Sources */ = {isa = PBXBuildFile; fileRef = 31D7D23C250EB65300BEC3EA /* EditorReducer.swift */; };
		31D7D241250EB67400BEC3EA /* EditorViewState.swift in Sources */ = {isa = PBXBuildFile; fileRef = 31D7D240250EB67400BEC3EA /* EditorViewState.swift */; };
		31D7D246250ED72E00BEC3EA /* CanvasView.swift in Sources */ = {isa = PBXBuildFile; fileRef = 31D7D245250ED72E00BEC3EA /* CanvasView.swift */; };
		31D7D248250EDBDF00BEC3EA /* View+Frame.swift in Sources */ = {isa = PBXBuildFile; fileRef = 31D7D247250EDBDF00BEC3EA /* View+Frame.swift */; };
		31D7D24D250EF6D700BEC3EA /* CanvasState.swift in Sources */ = {isa = PBXBuildFile; fileRef = 31D7D24C250EF6D700BEC3EA /* CanvasState.swift */; };
		31D7D24F250EF74100BEC3EA /* CanvasAction.swift in Sources */ = {isa = PBXBuildFile; fileRef = 31D7D24E250EF74100BEC3EA /* CanvasAction.swift */; };
		31D7D251250EF75400BEC3EA /* CanvasReducer.swift in Sources */ = {isa = PBXBuildFile; fileRef = 31D7D250250EF75400BEC3EA /* CanvasReducer.swift */; };
		31D7D253250EFC2400BEC3EA /* CanvasSizePreferenceKey.swift in Sources */ = {isa = PBXBuildFile; fileRef = 31D7D252250EFC2400BEC3EA /* CanvasSizePreferenceKey.swift */; };
		31D7D255250EFFD900BEC3EA /* CanvasViewState.swift in Sources */ = {isa = PBXBuildFile; fileRef = 31D7D254250EFFD900BEC3EA /* CanvasViewState.swift */; };
		31D845CB25B1D10E001F96E0 /* IsRunningTests.swift in Sources */ = {isa = PBXBuildFile; fileRef = 31D845CA25B1D10E001F96E0 /* IsRunningTests.swift */; };
		31D845D125B1D1B3001F96E0 /* IsRunningPreviews.swift in Sources */ = {isa = PBXBuildFile; fileRef = 31D845D025B1D1B3001F96E0 /* IsRunningPreviews.swift */; };
		31D845D525B1D1E0001F96E0 /* IsDebugMode.swift in Sources */ = {isa = PBXBuildFile; fileRef = 31D845D425B1D1E0001F96E0 /* IsDebugMode.swift */; };
		31D845DA25B1D209001F96E0 /* Analytics.swift in Sources */ = {isa = PBXBuildFile; fileRef = 31D845D925B1D209001F96E0 /* Analytics.swift */; };
		31D845E025B1D24D001F96E0 /* AnalyticsEvent.swift in Sources */ = {isa = PBXBuildFile; fileRef = 31D845DF25B1D24D001F96E0 /* AnalyticsEvent.swift */; };
		31D845E425B1D358001F96E0 /* Analytics+Stub.swift in Sources */ = {isa = PBXBuildFile; fileRef = 31D845E325B1D358001F96E0 /* Analytics+Stub.swift */; };
		31D845E825B1D362001F96E0 /* Analytics+Standard.swift in Sources */ = {isa = PBXBuildFile; fileRef = 31D845E725B1D362001F96E0 /* Analytics+Standard.swift */; };
		31D845EC25B1D46C001F96E0 /* Analytics+Default.swift in Sources */ = {isa = PBXBuildFile; fileRef = 31D845EB25B1D46C001F96E0 /* Analytics+Default.swift */; };
		31D845F725B1DD19001F96E0 /* Mixpanel in Frameworks */ = {isa = PBXBuildFile; productRef = 31D845F625B1DD19001F96E0 /* Mixpanel */; };
		31F1498A2512460A00DF04D5 /* CanvasRendererTests.swift in Sources */ = {isa = PBXBuildFile; fileRef = 31F149892512460A00DF04D5 /* CanvasRendererTests.swift */; };
		31F149922512474D00DF04D5 /* test_image_1.jpeg in Resources */ = {isa = PBXBuildFile; fileRef = 31F149912512474D00DF04D5 /* test_image_1.jpeg */; };
		31FFD20B25102F3000C2A010 /* PhotoLibraryWriter.swift in Sources */ = {isa = PBXBuildFile; fileRef = 31FFD20A25102F3000C2A010 /* PhotoLibraryWriter.swift */; };
/* End PBXBuildFile section */

/* Begin PBXContainerItemProxy section */
		315D89BD250FB2D300DFF6FC /* PBXContainerItemProxy */ = {
			isa = PBXContainerItemProxy;
			containerPortal = 31BCE3A0250AC23300B8E259 /* Project object */;
			proxyType = 1;
			remoteGlobalIDString = 31BCE3A7250AC23300B8E259;
			remoteInfo = WallpapersApp;
		};
/* End PBXContainerItemProxy section */

/* Begin PBXFileReference section */
		311BCCEE250BF9C00084B100 /* MenuView.swift */ = {isa = PBXFileReference; lastKnownFileType = sourcecode.swift; path = MenuView.swift; sourceTree = "<group>"; };
		311BCCF0250BFD710084B100 /* RoundedRect.swift */ = {isa = PBXFileReference; lastKnownFileType = sourcecode.swift; path = RoundedRect.swift; sourceTree = "<group>"; };
		311BCCF2250C005A0084B100 /* VisualEffectView.swift */ = {isa = PBXFileReference; lastKnownFileType = sourcecode.swift; path = VisualEffectView.swift; sourceTree = "<group>"; };
		313D050B2512BAF100A703E9 /* FilterSlider.swift */ = {isa = PBXFileReference; lastKnownFileType = sourcecode.swift; path = FilterSlider.swift; sourceTree = "<group>"; };
		314E1E28250BBBB40053ACAA /* DragModifier.swift */ = {isa = PBXFileReference; lastKnownFileType = sourcecode.swift; path = DragModifier.swift; sourceTree = "<group>"; };
		314E1E2A250BBBD00053ACAA /* MagnificationModifier.swift */ = {isa = PBXFileReference; lastKnownFileType = sourcecode.swift; path = MagnificationModifier.swift; sourceTree = "<group>"; };
		3157FA8A2578429D005001F5 /* MainAppTests.swift */ = {isa = PBXFileReference; lastKnownFileType = sourcecode.swift; path = MainAppTests.swift; sourceTree = "<group>"; };
		315D89A6250F88E000DFF6FC /* MenuState.swift */ = {isa = PBXFileReference; lastKnownFileType = sourcecode.swift; path = MenuState.swift; sourceTree = "<group>"; };
		315D89A8250F88ED00DFF6FC /* MenuAction.swift */ = {isa = PBXFileReference; lastKnownFileType = sourcecode.swift; path = MenuAction.swift; sourceTree = "<group>"; };
		315D89AA250F88F600DFF6FC /* MenuReducer.swift */ = {isa = PBXFileReference; lastKnownFileType = sourcecode.swift; path = MenuReducer.swift; sourceTree = "<group>"; };
		315D89AC250F89A600DFF6FC /* MenuViewState.swift */ = {isa = PBXFileReference; lastKnownFileType = sourcecode.swift; path = MenuViewState.swift; sourceTree = "<group>"; };
		315D89AE250FAD7000DFF6FC /* MainState.swift */ = {isa = PBXFileReference; lastKnownFileType = sourcecode.swift; path = MainState.swift; sourceTree = "<group>"; };
		315D89B0250FAE6100DFF6FC /* MainAction.swift */ = {isa = PBXFileReference; lastKnownFileType = sourcecode.swift; path = MainAction.swift; sourceTree = "<group>"; };
		315D89B2250FAE6A00DFF6FC /* MainReducer.swift */ = {isa = PBXFileReference; lastKnownFileType = sourcecode.swift; path = MainReducer.swift; sourceTree = "<group>"; };
		315D89B8250FB2D300DFF6FC /* WallpapersAppTests.xctest */ = {isa = PBXFileReference; explicitFileType = wrapper.cfbundle; includeInIndex = 0; path = WallpapersAppTests.xctest; sourceTree = BUILT_PRODUCTS_DIR; };
		315D89BC250FB2D300DFF6FC /* InfoTests.plist */ = {isa = PBXFileReference; lastKnownFileType = text.plist.xml; path = InfoTests.plist; sourceTree = "<group>"; };
		315D89D0250FB5FE00DFF6FC /* MenuReducerTests.swift */ = {isa = PBXFileReference; lastKnownFileType = sourcecode.swift; path = MenuReducerTests.swift; sourceTree = "<group>"; };
		315D89D3250FB61000DFF6FC /* MenuViewTests.swift */ = {isa = PBXFileReference; lastKnownFileType = sourcecode.swift; path = MenuViewTests.swift; sourceTree = "<group>"; };
		315D89D6250FBA6600DFF6FC /* MainReducerTests.swift */ = {isa = PBXFileReference; lastKnownFileType = sourcecode.swift; path = MainReducerTests.swift; sourceTree = "<group>"; };
		315D89DA250FBC0200DFF6FC /* EditorReducerTests.swift */ = {isa = PBXFileReference; lastKnownFileType = sourcecode.swift; path = EditorReducerTests.swift; sourceTree = "<group>"; };
		315D89DC250FBD2700DFF6FC /* EditorViewTests.swift */ = {isa = PBXFileReference; lastKnownFileType = sourcecode.swift; path = EditorViewTests.swift; sourceTree = "<group>"; };
		315D89E0250FBE5E00DFF6FC /* CanvasViewTests.swift */ = {isa = PBXFileReference; lastKnownFileType = sourcecode.swift; path = CanvasViewTests.swift; sourceTree = "<group>"; };
		315D89E2250FC06F00DFF6FC /* CanvasReducerTests.swift */ = {isa = PBXFileReference; lastKnownFileType = sourcecode.swift; path = CanvasReducerTests.swift; sourceTree = "<group>"; };
		317BB155250D05D600FEA20D /* CGRect+Center.swift */ = {isa = PBXFileReference; lastKnownFileType = sourcecode.swift; path = "CGRect+Center.swift"; sourceTree = "<group>"; };
		317EBC1C250C59D600E7F7CE /* CGAffineTransform+Scaled.swift */ = {isa = PBXFileReference; lastKnownFileType = sourcecode.swift; path = "CGAffineTransform+Scaled.swift"; sourceTree = "<group>"; };
		317EBC22250C5AED00E7F7CE /* GeometryProxy+Size.swift */ = {isa = PBXFileReference; lastKnownFileType = sourcecode.swift; path = "GeometryProxy+Size.swift"; sourceTree = "<group>"; };
		31BCD13A25102395007E33B4 /* CanvasRenderer.swift */ = {isa = PBXFileReference; lastKnownFileType = sourcecode.swift; path = CanvasRenderer.swift; sourceTree = "<group>"; };
		31BCD13C25102441007E33B4 /* MainEnvironment.swift */ = {isa = PBXFileReference; lastKnownFileType = sourcecode.swift; path = MainEnvironment.swift; sourceTree = "<group>"; };
		31BCE3A8250AC23300B8E259 /* Wallpapers.app */ = {isa = PBXFileReference; explicitFileType = wrapper.application; includeInIndex = 0; path = Wallpapers.app; sourceTree = BUILT_PRODUCTS_DIR; };
		31BCE3AB250AC23300B8E259 /* MainApp.swift */ = {isa = PBXFileReference; lastKnownFileType = sourcecode.swift; path = MainApp.swift; sourceTree = "<group>"; };
		31BCE3AD250AC23300B8E259 /* EditorView.swift */ = {isa = PBXFileReference; lastKnownFileType = sourcecode.swift; path = EditorView.swift; sourceTree = "<group>"; };
		31BCE3AF250AC23500B8E259 /* Assets.xcassets */ = {isa = PBXFileReference; lastKnownFileType = folder.assetcatalog; path = Assets.xcassets; sourceTree = "<group>"; };
		31BCE3B4250AC23500B8E259 /* Info.plist */ = {isa = PBXFileReference; lastKnownFileType = text.plist.xml; path = Info.plist; sourceTree = "<group>"; };
		31BDE05E2512523E00668D3E /* PhotoLibraryWriterTests.swift */ = {isa = PBXFileReference; lastKnownFileType = sourcecode.swift; path = PhotoLibraryWriterTests.swift; sourceTree = "<group>"; };
		31BE6152250AC7790032CE9D /* ImagePicker.swift */ = {isa = PBXFileReference; lastKnownFileType = sourcecode.swift; path = ImagePicker.swift; sourceTree = "<group>"; };
		31D7D238250EB63B00BEC3EA /* EditorState.swift */ = {isa = PBXFileReference; lastKnownFileType = sourcecode.swift; path = EditorState.swift; sourceTree = "<group>"; };
		31D7D23A250EB64500BEC3EA /* EditorAction.swift */ = {isa = PBXFileReference; lastKnownFileType = sourcecode.swift; path = EditorAction.swift; sourceTree = "<group>"; };
		31D7D23C250EB65300BEC3EA /* EditorReducer.swift */ = {isa = PBXFileReference; lastKnownFileType = sourcecode.swift; path = EditorReducer.swift; sourceTree = "<group>"; };
		31D7D240250EB67400BEC3EA /* EditorViewState.swift */ = {isa = PBXFileReference; lastKnownFileType = sourcecode.swift; path = EditorViewState.swift; sourceTree = "<group>"; };
		31D7D245250ED72E00BEC3EA /* CanvasView.swift */ = {isa = PBXFileReference; lastKnownFileType = sourcecode.swift; path = CanvasView.swift; sourceTree = "<group>"; };
		31D7D247250EDBDF00BEC3EA /* View+Frame.swift */ = {isa = PBXFileReference; lastKnownFileType = sourcecode.swift; path = "View+Frame.swift"; sourceTree = "<group>"; };
		31D7D24C250EF6D700BEC3EA /* CanvasState.swift */ = {isa = PBXFileReference; lastKnownFileType = sourcecode.swift; path = CanvasState.swift; sourceTree = "<group>"; };
		31D7D24E250EF74100BEC3EA /* CanvasAction.swift */ = {isa = PBXFileReference; lastKnownFileType = sourcecode.swift; path = CanvasAction.swift; sourceTree = "<group>"; };
		31D7D250250EF75400BEC3EA /* CanvasReducer.swift */ = {isa = PBXFileReference; lastKnownFileType = sourcecode.swift; path = CanvasReducer.swift; sourceTree = "<group>"; };
		31D7D252250EFC2400BEC3EA /* CanvasSizePreferenceKey.swift */ = {isa = PBXFileReference; lastKnownFileType = sourcecode.swift; path = CanvasSizePreferenceKey.swift; sourceTree = "<group>"; };
		31D7D254250EFFD900BEC3EA /* CanvasViewState.swift */ = {isa = PBXFileReference; lastKnownFileType = sourcecode.swift; path = CanvasViewState.swift; sourceTree = "<group>"; };
		31D845CA25B1D10E001F96E0 /* IsRunningTests.swift */ = {isa = PBXFileReference; lastKnownFileType = sourcecode.swift; path = IsRunningTests.swift; sourceTree = "<group>"; };
		31D845D025B1D1B3001F96E0 /* IsRunningPreviews.swift */ = {isa = PBXFileReference; lastKnownFileType = sourcecode.swift; path = IsRunningPreviews.swift; sourceTree = "<group>"; };
		31D845D425B1D1E0001F96E0 /* IsDebugMode.swift */ = {isa = PBXFileReference; lastKnownFileType = sourcecode.swift; path = IsDebugMode.swift; sourceTree = "<group>"; };
		31D845D925B1D209001F96E0 /* Analytics.swift */ = {isa = PBXFileReference; lastKnownFileType = sourcecode.swift; path = Analytics.swift; sourceTree = "<group>"; };
		31D845DF25B1D24D001F96E0 /* AnalyticsEvent.swift */ = {isa = PBXFileReference; lastKnownFileType = sourcecode.swift; path = AnalyticsEvent.swift; sourceTree = "<group>"; };
		31D845E325B1D358001F96E0 /* Analytics+Stub.swift */ = {isa = PBXFileReference; lastKnownFileType = sourcecode.swift; path = "Analytics+Stub.swift"; sourceTree = "<group>"; };
		31D845E725B1D362001F96E0 /* Analytics+Standard.swift */ = {isa = PBXFileReference; lastKnownFileType = sourcecode.swift; path = "Analytics+Standard.swift"; sourceTree = "<group>"; };
		31D845EB25B1D46C001F96E0 /* Analytics+Default.swift */ = {isa = PBXFileReference; lastKnownFileType = sourcecode.swift; path = "Analytics+Default.swift"; sourceTree = "<group>"; };
		31F149892512460A00DF04D5 /* CanvasRendererTests.swift */ = {isa = PBXFileReference; lastKnownFileType = sourcecode.swift; path = CanvasRendererTests.swift; sourceTree = "<group>"; };
		31F149912512474D00DF04D5 /* test_image_1.jpeg */ = {isa = PBXFileReference; lastKnownFileType = image.jpeg; path = test_image_1.jpeg; sourceTree = "<group>"; };
		31FFD20A25102F3000C2A010 /* PhotoLibraryWriter.swift */ = {isa = PBXFileReference; lastKnownFileType = sourcecode.swift; path = PhotoLibraryWriter.swift; sourceTree = "<group>"; };
/* End PBXFileReference section */

/* Begin PBXFrameworksBuildPhase section */
		315D89B5250FB2D300DFF6FC /* Frameworks */ = {
			isa = PBXFrameworksBuildPhase;
			buildActionMask = 2147483647;
			files = (
				315D89C4250FB41300DFF6FC /* SnapshotTesting in Frameworks */,
			);
			runOnlyForDeploymentPostprocessing = 0;
		};
		31BCE3A5250AC23300B8E259 /* Frameworks */ = {
			isa = PBXFrameworksBuildPhase;
			buildActionMask = 2147483647;
			files = (
				31D845F725B1DD19001F96E0 /* Mixpanel in Frameworks */,
				3187BD71250EB1FA0033E053 /* ComposableArchitecture in Frameworks */,
				3157FA8025783DF3005001F5 /* TelemetryClient in Frameworks */,
			);
			runOnlyForDeploymentPostprocessing = 0;
		};
/* End PBXFrameworksBuildPhase section */

/* Begin PBXGroup section */
		315D89B9250FB2D300DFF6FC /* Tests */ = {
			isa = PBXGroup;
			children = (
				315D89C5250FB42600DFF6FC /* Components */,
				31BDE05C2512521D00668D3E /* Helpers */,
			);
			path = Tests;
			sourceTree = "<group>";
		};
		315D89C5250FB42600DFF6FC /* Components */ = {
			isa = PBXGroup;
			children = (
				315D89DF250FBE4700DFF6FC /* Canvas */,
				315D89D9250FBBEF00DFF6FC /* Editor */,
				315D89D5250FBA5B00DFF6FC /* Main */,
				315D89C9250FB44100DFF6FC /* Menu */,
			);
			path = Components;
			sourceTree = "<group>";
		};
		315D89C9250FB44100DFF6FC /* Menu */ = {
			isa = PBXGroup;
			children = (
				315D89D0250FB5FE00DFF6FC /* MenuReducerTests.swift */,
				315D89D3250FB61000DFF6FC /* MenuViewTests.swift */,
			);
			path = Menu;
			sourceTree = "<group>";
		};
		315D89D5250FBA5B00DFF6FC /* Main */ = {
			isa = PBXGroup;
			children = (
				315D89D6250FBA6600DFF6FC /* MainReducerTests.swift */,
				3157FA8A2578429D005001F5 /* MainAppTests.swift */,
			);
			path = Main;
			sourceTree = "<group>";
		};
		315D89D9250FBBEF00DFF6FC /* Editor */ = {
			isa = PBXGroup;
			children = (
				315D89DA250FBC0200DFF6FC /* EditorReducerTests.swift */,
				315D89DC250FBD2700DFF6FC /* EditorViewTests.swift */,
			);
			path = Editor;
			sourceTree = "<group>";
		};
		315D89DF250FBE4700DFF6FC /* Canvas */ = {
			isa = PBXGroup;
			children = (
				315D89E2250FC06F00DFF6FC /* CanvasReducerTests.swift */,
				31F149892512460A00DF04D5 /* CanvasRendererTests.swift */,
				315D89E0250FBE5E00DFF6FC /* CanvasViewTests.swift */,
			);
			path = Canvas;
			sourceTree = "<group>";
		};
		31BCD1392510237E007E33B4 /* Image */ = {
			isa = PBXGroup;
			children = (
				31FFD20A25102F3000C2A010 /* PhotoLibraryWriter.swift */,
			);
			path = Image;
			sourceTree = "<group>";
		};
		31BCE39F250AC23300B8E259 = {
			isa = PBXGroup;
			children = (
				31BCE3AA250AC23300B8E259 /* WallpapersApp */,
				31BCE3A9250AC23300B8E259 /* Products */,
			);
			indentWidth = 2;
			sourceTree = "<group>";
			tabWidth = 2;
		};
		31BCE3A9250AC23300B8E259 /* Products */ = {
			isa = PBXGroup;
			children = (
				31BCE3A8250AC23300B8E259 /* Wallpapers.app */,
				315D89B8250FB2D300DFF6FC /* WallpapersAppTests.xctest */,
			);
			name = Products;
			sourceTree = "<group>";
		};
		31BCE3AA250AC23300B8E259 /* WallpapersApp */ = {
			isa = PBXGroup;
			children = (
				31BE6151250AC6FF0032CE9D /* Resources */,
				31BE6150250AC6F90032CE9D /* Sources */,
				315D89B9250FB2D300DFF6FC /* Tests */,
			);
			path = WallpapersApp;
			sourceTree = "<group>";
		};
		31BDE05C2512521D00668D3E /* Helpers */ = {
			isa = PBXGroup;
			children = (
				31BDE05D2512522E00668D3E /* Image */,
			);
			path = Helpers;
			sourceTree = "<group>";
		};
		31BDE05D2512522E00668D3E /* Image */ = {
			isa = PBXGroup;
			children = (
				31BDE05E2512523E00668D3E /* PhotoLibraryWriterTests.swift */,
			);
			path = Image;
			sourceTree = "<group>";
		};
		31BE6150250AC6F90032CE9D /* Sources */ = {
			isa = PBXGroup;
			children = (
				31F19090250EB33E00F90738 /* Components */,
				31F19092250EB37700F90738 /* Helpers */,
			);
			path = Sources;
			sourceTree = "<group>";
		};
		31BE6151250AC6FF0032CE9D /* Resources */ = {
			isa = PBXGroup;
			children = (
				31BCE3AF250AC23500B8E259 /* Assets.xcassets */,
				31BCE3B4250AC23500B8E259 /* Info.plist */,
				315D89BC250FB2D300DFF6FC /* InfoTests.plist */,
				31F149912512474D00DF04D5 /* test_image_1.jpeg */,
			);
			path = Resources;
			sourceTree = "<group>";
		};
		31D7D244250ED72100BEC3EA /* Canvas */ = {
			isa = PBXGroup;
			children = (
				31D7D24E250EF74100BEC3EA /* CanvasAction.swift */,
				31D7D250250EF75400BEC3EA /* CanvasReducer.swift */,
				31BCD13A25102395007E33B4 /* CanvasRenderer.swift */,
				31D7D252250EFC2400BEC3EA /* CanvasSizePreferenceKey.swift */,
				31D7D24C250EF6D700BEC3EA /* CanvasState.swift */,
				31D7D245250ED72E00BEC3EA /* CanvasView.swift */,
				31D7D254250EFFD900BEC3EA /* CanvasViewState.swift */,
			);
			path = Canvas;
			sourceTree = "<group>";
		};
		31D845C925B1D0EE001F96E0 /* App */ = {
			isa = PBXGroup;
			children = (
				31D845D425B1D1E0001F96E0 /* IsDebugMode.swift */,
				31D845D025B1D1B3001F96E0 /* IsRunningPreviews.swift */,
				31D845CA25B1D10E001F96E0 /* IsRunningTests.swift */,
			);
			path = App;
			sourceTree = "<group>";
		};
		31D845D825B1D1FF001F96E0 /* Analytics */ = {
			isa = PBXGroup;
			children = (
				31D845D925B1D209001F96E0 /* Analytics.swift */,
				31D845EB25B1D46C001F96E0 /* Analytics+Default.swift */,
				31D845E725B1D362001F96E0 /* Analytics+Standard.swift */,
				31D845E325B1D358001F96E0 /* Analytics+Stub.swift */,
				31D845DF25B1D24D001F96E0 /* AnalyticsEvent.swift */,
			);
			path = Analytics;
			sourceTree = "<group>";
		};
		31F19090250EB33E00F90738 /* Components */ = {
			isa = PBXGroup;
			children = (
				31D7D244250ED72100BEC3EA /* Canvas */,
				31F19091250EB34700F90738 /* Editor */,
				31F19094250EB3C300F90738 /* Main */,
				31F19095250EB48400F90738 /* Menu */,
			);
			path = Components;
			sourceTree = "<group>";
		};
		31F19091250EB34700F90738 /* Editor */ = {
			isa = PBXGroup;
			children = (
				31D7D23A250EB64500BEC3EA /* EditorAction.swift */,
				31D7D23C250EB65300BEC3EA /* EditorReducer.swift */,
				31D7D238250EB63B00BEC3EA /* EditorState.swift */,
				31BCE3AD250AC23300B8E259 /* EditorView.swift */,
				31D7D240250EB67400BEC3EA /* EditorViewState.swift */,
			);
			path = Editor;
			sourceTree = "<group>";
		};
		31F19092250EB37700F90738 /* Helpers */ = {
			isa = PBXGroup;
			children = (
				31D845D825B1D1FF001F96E0 /* Analytics */,
				31D845C925B1D0EE001F96E0 /* App */,
				31F19096250EB4EF00F90738 /* Geometry */,
				31BCD1392510237E007E33B4 /* Image */,
				31F19098250EB51100F90738 /* Shapes */,
				31F19097250EB50200F90738 /* ViewModifiers */,
				31F19099250EB51C00F90738 /* Views */,
			);
			path = Helpers;
			sourceTree = "<group>";
		};
		31F19094250EB3C300F90738 /* Main */ = {
			isa = PBXGroup;
			children = (
				315D89B0250FAE6100DFF6FC /* MainAction.swift */,
				31BCE3AB250AC23300B8E259 /* MainApp.swift */,
				31BCD13C25102441007E33B4 /* MainEnvironment.swift */,
				315D89B2250FAE6A00DFF6FC /* MainReducer.swift */,
				315D89AE250FAD7000DFF6FC /* MainState.swift */,
			);
			path = Main;
			sourceTree = "<group>";
		};
		31F19095250EB48400F90738 /* Menu */ = {
			isa = PBXGroup;
			children = (
				315D89A8250F88ED00DFF6FC /* MenuAction.swift */,
				315D89AA250F88F600DFF6FC /* MenuReducer.swift */,
				315D89A6250F88E000DFF6FC /* MenuState.swift */,
				311BCCEE250BF9C00084B100 /* MenuView.swift */,
				315D89AC250F89A600DFF6FC /* MenuViewState.swift */,
			);
			path = Menu;
			sourceTree = "<group>";
		};
		31F19096250EB4EF00F90738 /* Geometry */ = {
			isa = PBXGroup;
			children = (
				317EBC1C250C59D600E7F7CE /* CGAffineTransform+Scaled.swift */,
				317BB155250D05D600FEA20D /* CGRect+Center.swift */,
				317EBC22250C5AED00E7F7CE /* GeometryProxy+Size.swift */,
			);
			path = Geometry;
			sourceTree = "<group>";
		};
		31F19097250EB50200F90738 /* ViewModifiers */ = {
			isa = PBXGroup;
			children = (
				314E1E28250BBBB40053ACAA /* DragModifier.swift */,
				314E1E2A250BBBD00053ACAA /* MagnificationModifier.swift */,
				31D7D247250EDBDF00BEC3EA /* View+Frame.swift */,
			);
			path = ViewModifiers;
			sourceTree = "<group>";
		};
		31F19098250EB51100F90738 /* Shapes */ = {
			isa = PBXGroup;
			children = (
				311BCCF0250BFD710084B100 /* RoundedRect.swift */,
			);
			path = Shapes;
			sourceTree = "<group>";
		};
		31F19099250EB51C00F90738 /* Views */ = {
			isa = PBXGroup;
			children = (
				313D050B2512BAF100A703E9 /* FilterSlider.swift */,
				31BE6152250AC7790032CE9D /* ImagePicker.swift */,
				311BCCF2250C005A0084B100 /* VisualEffectView.swift */,
			);
			path = Views;
			sourceTree = "<group>";
		};
/* End PBXGroup section */

/* Begin PBXNativeTarget section */
		315D89B7250FB2D300DFF6FC /* WallpapersAppTests */ = {
			isa = PBXNativeTarget;
			buildConfigurationList = 315D89BF250FB2D300DFF6FC /* Build configuration list for PBXNativeTarget "WallpapersAppTests" */;
			buildPhases = (
				315D89B4250FB2D300DFF6FC /* Sources */,
				315D89B5250FB2D300DFF6FC /* Frameworks */,
				315D89B6250FB2D300DFF6FC /* Resources */,
			);
			buildRules = (
			);
			dependencies = (
				315D89BE250FB2D300DFF6FC /* PBXTargetDependency */,
			);
			name = WallpapersAppTests;
			packageProductDependencies = (
				315D89C3250FB41300DFF6FC /* SnapshotTesting */,
			);
			productName = WallpapersAppTests;
			productReference = 315D89B8250FB2D300DFF6FC /* WallpapersAppTests.xctest */;
			productType = "com.apple.product-type.bundle.unit-test";
		};
		31BCE3A7250AC23300B8E259 /* WallpapersApp */ = {
			isa = PBXNativeTarget;
			buildConfigurationList = 31BCE3B7250AC23500B8E259 /* Build configuration list for PBXNativeTarget "WallpapersApp" */;
			buildPhases = (
				31BCE3A4250AC23300B8E259 /* Sources */,
				31BCE3A5250AC23300B8E259 /* Frameworks */,
				31BCE3A6250AC23300B8E259 /* Resources */,
			);
			buildRules = (
			);
			dependencies = (
			);
			name = WallpapersApp;
			packageProductDependencies = (
				3187BD70250EB1FA0033E053 /* ComposableArchitecture */,
				3157FA7F25783DF3005001F5 /* TelemetryClient */,
				31D845F625B1DD19001F96E0 /* Mixpanel */,
			);
			productName = WallpapersApp;
			productReference = 31BCE3A8250AC23300B8E259 /* Wallpapers.app */;
			productType = "com.apple.product-type.application";
		};
/* End PBXNativeTarget section */

/* Begin PBXProject section */
		31BCE3A0250AC23300B8E259 /* Project object */ = {
			isa = PBXProject;
			attributes = {
				LastSwiftUpdateCheck = 1200;
				LastUpgradeCheck = 1200;
				TargetAttributes = {
					315D89B7250FB2D300DFF6FC = {
						CreatedOnToolsVersion = 12.0;
						TestTargetID = 31BCE3A7250AC23300B8E259;
					};
					31BCE3A7250AC23300B8E259 = {
						CreatedOnToolsVersion = 12.0;
					};
				};
			};
			buildConfigurationList = 31BCE3A3250AC23300B8E259 /* Build configuration list for PBXProject "WallpapersApp" */;
			compatibilityVersion = "Xcode 9.3";
			developmentRegion = en;
			hasScannedForEncodings = 0;
			knownRegions = (
				en,
				Base,
			);
			mainGroup = 31BCE39F250AC23300B8E259;
			packageReferences = (
				3187BD6F250EB1FA0033E053 /* XCRemoteSwiftPackageReference "swift-composable-architecture" */,
				315D89C2250FB41300DFF6FC /* XCRemoteSwiftPackageReference "swift-snapshot-testing" */,
				3157FA7E25783DF3005001F5 /* XCRemoteSwiftPackageReference "SwiftClient" */,
				31D845F525B1DD19001F96E0 /* XCRemoteSwiftPackageReference "mixpanel-swift" */,
			);
			productRefGroup = 31BCE3A9250AC23300B8E259 /* Products */;
			projectDirPath = "";
			projectRoot = "";
			targets = (
				31BCE3A7250AC23300B8E259 /* WallpapersApp */,
				315D89B7250FB2D300DFF6FC /* WallpapersAppTests */,
			);
		};
/* End PBXProject section */

/* Begin PBXResourcesBuildPhase section */
		315D89B6250FB2D300DFF6FC /* Resources */ = {
			isa = PBXResourcesBuildPhase;
			buildActionMask = 2147483647;
			files = (
				31F149922512474D00DF04D5 /* test_image_1.jpeg in Resources */,
			);
			runOnlyForDeploymentPostprocessing = 0;
		};
		31BCE3A6250AC23300B8E259 /* Resources */ = {
			isa = PBXResourcesBuildPhase;
			buildActionMask = 2147483647;
			files = (
				31BCE3B0250AC23500B8E259 /* Assets.xcassets in Resources */,
			);
			runOnlyForDeploymentPostprocessing = 0;
		};
/* End PBXResourcesBuildPhase section */

/* Begin PBXSourcesBuildPhase section */
		315D89B4250FB2D300DFF6FC /* Sources */ = {
			isa = PBXSourcesBuildPhase;
			buildActionMask = 2147483647;
			files = (
				315D89DB250FBC0200DFF6FC /* EditorReducerTests.swift in Sources */,
				315D89E1250FBE5E00DFF6FC /* CanvasViewTests.swift in Sources */,
				31F1498A2512460A00DF04D5 /* CanvasRendererTests.swift in Sources */,
				315D89D2250FB60300DFF6FC /* MenuReducerTests.swift in Sources */,
				315D89E3250FC06F00DFF6FC /* CanvasReducerTests.swift in Sources */,
				315D89D4250FB61000DFF6FC /* MenuViewTests.swift in Sources */,
				315D89D8250FBA6900DFF6FC /* MainReducerTests.swift in Sources */,
				31BDE05F2512523E00668D3E /* PhotoLibraryWriterTests.swift in Sources */,
				3157FA8B2578429D005001F5 /* MainAppTests.swift in Sources */,
				315D89DE250FBD4000DFF6FC /* EditorViewTests.swift in Sources */,
			);
			runOnlyForDeploymentPostprocessing = 0;
		};
		31BCE3A4250AC23300B8E259 /* Sources */ = {
			isa = PBXSourcesBuildPhase;
			buildActionMask = 2147483647;
			files = (
				315D89AF250FAD7000DFF6FC /* MainState.swift in Sources */,
				31D7D255250EFFD900BEC3EA /* CanvasViewState.swift in Sources */,
				311BCCEF250BF9C00084B100 /* MenuView.swift in Sources */,
				31BE6153250AC7790032CE9D /* ImagePicker.swift in Sources */,
				31D7D23D250EB65300BEC3EA /* EditorReducer.swift in Sources */,
				31D845DA25B1D209001F96E0 /* Analytics.swift in Sources */,
				31BCE3AE250AC23300B8E259 /* EditorView.swift in Sources */,
				31D7D248250EDBDF00BEC3EA /* View+Frame.swift in Sources */,
				31D7D246250ED72E00BEC3EA /* CanvasView.swift in Sources */,
				31D845D525B1D1E0001F96E0 /* IsDebugMode.swift in Sources */,
				314E1E29250BBBB40053ACAA /* DragModifier.swift in Sources */,
				31BCD13D25102441007E33B4 /* MainEnvironment.swift in Sources */,
				31D7D241250EB67400BEC3EA /* EditorViewState.swift in Sources */,
				315D89AD250F89A600DFF6FC /* MenuViewState.swift in Sources */,
				31D7D24F250EF74100BEC3EA /* CanvasAction.swift in Sources */,
				311BCCF1250BFD710084B100 /* RoundedRect.swift in Sources */,
				311BCCF3250C005A0084B100 /* VisualEffectView.swift in Sources */,
				317EBC23250C5AED00E7F7CE /* GeometryProxy+Size.swift in Sources */,
				31D7D253250EFC2400BEC3EA /* CanvasSizePreferenceKey.swift in Sources */,
				317EBC1D250C59D600E7F7CE /* CGAffineTransform+Scaled.swift in Sources */,
				315D89B1250FAE6100DFF6FC /* MainAction.swift in Sources */,
				315D89B3250FAE6A00DFF6FC /* MainReducer.swift in Sources */,
				31D7D251250EF75400BEC3EA /* CanvasReducer.swift in Sources */,
				31D845E425B1D358001F96E0 /* Analytics+Stub.swift in Sources */,
				31D7D24D250EF6D700BEC3EA /* CanvasState.swift in Sources */,
				315D89AB250F88F600DFF6FC /* MenuReducer.swift in Sources */,
				31BCE3AC250AC23300B8E259 /* MainApp.swift in Sources */,
				315D89A7250F88E000DFF6FC /* MenuState.swift in Sources */,
				31D7D23B250EB64500BEC3EA /* EditorAction.swift in Sources */,
				31D845E825B1D362001F96E0 /* Analytics+Standard.swift in Sources */,
				31BCD13B25102395007E33B4 /* CanvasRenderer.swift in Sources */,
				31D845EC25B1D46C001F96E0 /* Analytics+Default.swift in Sources */,
				31D845E025B1D24D001F96E0 /* AnalyticsEvent.swift in Sources */,
				31D845D125B1D1B3001F96E0 /* IsRunningPreviews.swift in Sources */,
				31D845CB25B1D10E001F96E0 /* IsRunningTests.swift in Sources */,
				314E1E2B250BBBD00053ACAA /* MagnificationModifier.swift in Sources */,
				317BB156250D05D600FEA20D /* CGRect+Center.swift in Sources */,
				313D050C2512BAF100A703E9 /* FilterSlider.swift in Sources */,
				31FFD20B25102F3000C2A010 /* PhotoLibraryWriter.swift in Sources */,
				315D89A9250F88ED00DFF6FC /* MenuAction.swift in Sources */,
				31D7D239250EB63B00BEC3EA /* EditorState.swift in Sources */,
			);
			runOnlyForDeploymentPostprocessing = 0;
		};
/* End PBXSourcesBuildPhase section */

/* Begin PBXTargetDependency section */
		315D89BE250FB2D300DFF6FC /* PBXTargetDependency */ = {
			isa = PBXTargetDependency;
			target = 31BCE3A7250AC23300B8E259 /* WallpapersApp */;
			targetProxy = 315D89BD250FB2D300DFF6FC /* PBXContainerItemProxy */;
		};
/* End PBXTargetDependency section */

/* Begin XCBuildConfiguration section */
		315D89C0250FB2D300DFF6FC /* Debug */ = {
			isa = XCBuildConfiguration;
			buildSettings = {
				BUNDLE_LOADER = "$(TEST_HOST)";
				CODE_SIGN_STYLE = Automatic;
				DEVELOPMENT_TEAM = P38XW29864;
				INFOPLIST_FILE = WallpapersApp/Resources/InfoTests.plist;
				LD_RUNPATH_SEARCH_PATHS = (
					"$(inherited)",
					"@executable_path/Frameworks",
					"@loader_path/Frameworks",
				);
				PRODUCT_BUNDLE_IDENTIFIER = pl.darrarski.WallpapersAppTests;
				PRODUCT_NAME = "$(TARGET_NAME)";
				SWIFT_VERSION = 5.0;
				TARGETED_DEVICE_FAMILY = "1,2";
				TEST_HOST = "$(BUILT_PRODUCTS_DIR)/Wallpapers.app/Wallpapers";
			};
			name = Debug;
		};
		315D89C1250FB2D300DFF6FC /* Release */ = {
			isa = XCBuildConfiguration;
			buildSettings = {
				BUNDLE_LOADER = "$(TEST_HOST)";
				CODE_SIGN_STYLE = Automatic;
				DEVELOPMENT_TEAM = P38XW29864;
				INFOPLIST_FILE = WallpapersApp/Resources/InfoTests.plist;
				LD_RUNPATH_SEARCH_PATHS = (
					"$(inherited)",
					"@executable_path/Frameworks",
					"@loader_path/Frameworks",
				);
				PRODUCT_BUNDLE_IDENTIFIER = pl.darrarski.WallpapersAppTests;
				PRODUCT_NAME = "$(TARGET_NAME)";
				SWIFT_VERSION = 5.0;
				TARGETED_DEVICE_FAMILY = "1,2";
				TEST_HOST = "$(BUILT_PRODUCTS_DIR)/Wallpapers.app/Wallpapers";
			};
			name = Release;
		};
		31BCE3B5250AC23500B8E259 /* Debug */ = {
			isa = XCBuildConfiguration;
			buildSettings = {
				ALWAYS_SEARCH_USER_PATHS = NO;
				CLANG_ANALYZER_NONNULL = YES;
				CLANG_ANALYZER_NUMBER_OBJECT_CONVERSION = YES_AGGRESSIVE;
				CLANG_CXX_LANGUAGE_STANDARD = "gnu++14";
				CLANG_CXX_LIBRARY = "libc++";
				CLANG_ENABLE_MODULES = YES;
				CLANG_ENABLE_OBJC_ARC = YES;
				CLANG_ENABLE_OBJC_WEAK = YES;
				CLANG_WARN_BLOCK_CAPTURE_AUTORELEASING = YES;
				CLANG_WARN_BOOL_CONVERSION = YES;
				CLANG_WARN_COMMA = YES;
				CLANG_WARN_CONSTANT_CONVERSION = YES;
				CLANG_WARN_DEPRECATED_OBJC_IMPLEMENTATIONS = YES;
				CLANG_WARN_DIRECT_OBJC_ISA_USAGE = YES_ERROR;
				CLANG_WARN_DOCUMENTATION_COMMENTS = YES;
				CLANG_WARN_EMPTY_BODY = YES;
				CLANG_WARN_ENUM_CONVERSION = YES;
				CLANG_WARN_INFINITE_RECURSION = YES;
				CLANG_WARN_INT_CONVERSION = YES;
				CLANG_WARN_NON_LITERAL_NULL_CONVERSION = YES;
				CLANG_WARN_OBJC_IMPLICIT_RETAIN_SELF = YES;
				CLANG_WARN_OBJC_LITERAL_CONVERSION = YES;
				CLANG_WARN_OBJC_ROOT_CLASS = YES_ERROR;
				CLANG_WARN_QUOTED_INCLUDE_IN_FRAMEWORK_HEADER = YES;
				CLANG_WARN_RANGE_LOOP_ANALYSIS = YES;
				CLANG_WARN_STRICT_PROTOTYPES = YES;
				CLANG_WARN_SUSPICIOUS_MOVE = YES;
				CLANG_WARN_UNGUARDED_AVAILABILITY = YES_AGGRESSIVE;
				CLANG_WARN_UNREACHABLE_CODE = YES;
				CLANG_WARN__DUPLICATE_METHOD_MATCH = YES;
				COPY_PHASE_STRIP = NO;
				CURRENT_PROJECT_VERSION = 0;
				DEBUG_INFORMATION_FORMAT = dwarf;
				ENABLE_STRICT_OBJC_MSGSEND = YES;
				ENABLE_TESTABILITY = YES;
				GCC_C_LANGUAGE_STANDARD = gnu11;
				GCC_DYNAMIC_NO_PIC = NO;
				GCC_NO_COMMON_BLOCKS = YES;
				GCC_OPTIMIZATION_LEVEL = 0;
				GCC_PREPROCESSOR_DEFINITIONS = (
					"DEBUG=1",
					"$(inherited)",
				);
				GCC_WARN_64_TO_32_BIT_CONVERSION = YES;
				GCC_WARN_ABOUT_RETURN_TYPE = YES_ERROR;
				GCC_WARN_UNDECLARED_SELECTOR = YES;
				GCC_WARN_UNINITIALIZED_AUTOS = YES_AGGRESSIVE;
				GCC_WARN_UNUSED_FUNCTION = YES;
				GCC_WARN_UNUSED_VARIABLE = YES;
				IPHONEOS_DEPLOYMENT_TARGET = 14.0;
				MARKETING_VERSION = 1.0.0;
				MTL_ENABLE_DEBUG_INFO = INCLUDE_SOURCE;
				MTL_FAST_MATH = YES;
				ONLY_ACTIVE_ARCH = YES;
				SDKROOT = iphoneos;
				SWIFT_ACTIVE_COMPILATION_CONDITIONS = DEBUG;
				SWIFT_OPTIMIZATION_LEVEL = "-Onone";
				VERSIONING_SYSTEM = "apple-generic";
			};
			name = Debug;
		};
		31BCE3B6250AC23500B8E259 /* Release */ = {
			isa = XCBuildConfiguration;
			buildSettings = {
				ALWAYS_SEARCH_USER_PATHS = NO;
				CLANG_ANALYZER_NONNULL = YES;
				CLANG_ANALYZER_NUMBER_OBJECT_CONVERSION = YES_AGGRESSIVE;
				CLANG_CXX_LANGUAGE_STANDARD = "gnu++14";
				CLANG_CXX_LIBRARY = "libc++";
				CLANG_ENABLE_MODULES = YES;
				CLANG_ENABLE_OBJC_ARC = YES;
				CLANG_ENABLE_OBJC_WEAK = YES;
				CLANG_WARN_BLOCK_CAPTURE_AUTORELEASING = YES;
				CLANG_WARN_BOOL_CONVERSION = YES;
				CLANG_WARN_COMMA = YES;
				CLANG_WARN_CONSTANT_CONVERSION = YES;
				CLANG_WARN_DEPRECATED_OBJC_IMPLEMENTATIONS = YES;
				CLANG_WARN_DIRECT_OBJC_ISA_USAGE = YES_ERROR;
				CLANG_WARN_DOCUMENTATION_COMMENTS = YES;
				CLANG_WARN_EMPTY_BODY = YES;
				CLANG_WARN_ENUM_CONVERSION = YES;
				CLANG_WARN_INFINITE_RECURSION = YES;
				CLANG_WARN_INT_CONVERSION = YES;
				CLANG_WARN_NON_LITERAL_NULL_CONVERSION = YES;
				CLANG_WARN_OBJC_IMPLICIT_RETAIN_SELF = YES;
				CLANG_WARN_OBJC_LITERAL_CONVERSION = YES;
				CLANG_WARN_OBJC_ROOT_CLASS = YES_ERROR;
				CLANG_WARN_QUOTED_INCLUDE_IN_FRAMEWORK_HEADER = YES;
				CLANG_WARN_RANGE_LOOP_ANALYSIS = YES;
				CLANG_WARN_STRICT_PROTOTYPES = YES;
				CLANG_WARN_SUSPICIOUS_MOVE = YES;
				CLANG_WARN_UNGUARDED_AVAILABILITY = YES_AGGRESSIVE;
				CLANG_WARN_UNREACHABLE_CODE = YES;
				CLANG_WARN__DUPLICATE_METHOD_MATCH = YES;
				COPY_PHASE_STRIP = NO;
				CURRENT_PROJECT_VERSION = 0;
				DEBUG_INFORMATION_FORMAT = "dwarf-with-dsym";
				ENABLE_NS_ASSERTIONS = NO;
				ENABLE_STRICT_OBJC_MSGSEND = YES;
				GCC_C_LANGUAGE_STANDARD = gnu11;
				GCC_NO_COMMON_BLOCKS = YES;
				GCC_WARN_64_TO_32_BIT_CONVERSION = YES;
				GCC_WARN_ABOUT_RETURN_TYPE = YES_ERROR;
				GCC_WARN_UNDECLARED_SELECTOR = YES;
				GCC_WARN_UNINITIALIZED_AUTOS = YES_AGGRESSIVE;
				GCC_WARN_UNUSED_FUNCTION = YES;
				GCC_WARN_UNUSED_VARIABLE = YES;
				IPHONEOS_DEPLOYMENT_TARGET = 14.0;
				MARKETING_VERSION = 1.0.0;
				MTL_ENABLE_DEBUG_INFO = NO;
				MTL_FAST_MATH = YES;
				SDKROOT = iphoneos;
				SWIFT_COMPILATION_MODE = wholemodule;
				SWIFT_OPTIMIZATION_LEVEL = "-O";
				VALIDATE_PRODUCT = YES;
				VERSIONING_SYSTEM = "apple-generic";
			};
			name = Release;
		};
		31BCE3B8250AC23500B8E259 /* Debug */ = {
			isa = XCBuildConfiguration;
			buildSettings = {
				ASSETCATALOG_COMPILER_APPICON_NAME = AppIcon;
				ASSETCATALOG_COMPILER_GLOBAL_ACCENT_COLOR_NAME = AccentColor;
				CODE_SIGN_STYLE = Automatic;
				CURRENT_PROJECT_VERSION = 8;
				DEVELOPMENT_TEAM = P38XW29864;
				ENABLE_PREVIEWS = YES;
				INFOPLIST_FILE = WallpapersApp/Resources/Info.plist;
				LD_RUNPATH_SEARCH_PATHS = (
					"$(inherited)",
					"@executable_path/Frameworks",
				);
				MARKETING_VERSION = 1.1.1;
				PRODUCT_BUNDLE_IDENTIFIER = pl.darrarski.WallpapersApp;
				PRODUCT_MODULE_NAME = "$(TARGET_NAME:c99extidentifier)";
				PRODUCT_NAME = Wallpapers;
				SWIFT_VERSION = 5.0;
				TARGETED_DEVICE_FAMILY = "1,2";
			};
			name = Debug;
		};
		31BCE3B9250AC23500B8E259 /* Release */ = {
			isa = XCBuildConfiguration;
			buildSettings = {
				ASSETCATALOG_COMPILER_APPICON_NAME = AppIcon;
				ASSETCATALOG_COMPILER_GLOBAL_ACCENT_COLOR_NAME = AccentColor;
				CODE_SIGN_STYLE = Automatic;
				CURRENT_PROJECT_VERSION = 8;
				DEVELOPMENT_TEAM = P38XW29864;
				ENABLE_PREVIEWS = YES;
				INFOPLIST_FILE = WallpapersApp/Resources/Info.plist;
				LD_RUNPATH_SEARCH_PATHS = (
					"$(inherited)",
					"@executable_path/Frameworks",
				);
				MARKETING_VERSION = 1.1.1;
				PRODUCT_BUNDLE_IDENTIFIER = pl.darrarski.WallpapersApp;
				PRODUCT_MODULE_NAME = "$(TARGET_NAME:c99extidentifier)";
				PRODUCT_NAME = Wallpapers;
				SWIFT_VERSION = 5.0;
				TARGETED_DEVICE_FAMILY = "1,2";
			};
			name = Release;
		};
/* End XCBuildConfiguration section */

/* Begin XCConfigurationList section */
		315D89BF250FB2D300DFF6FC /* Build configuration list for PBXNativeTarget "WallpapersAppTests" */ = {
			isa = XCConfigurationList;
			buildConfigurations = (
				315D89C0250FB2D300DFF6FC /* Debug */,
				315D89C1250FB2D300DFF6FC /* Release */,
			);
			defaultConfigurationIsVisible = 0;
			defaultConfigurationName = Release;
		};
		31BCE3A3250AC23300B8E259 /* Build configuration list for PBXProject "WallpapersApp" */ = {
			isa = XCConfigurationList;
			buildConfigurations = (
				31BCE3B5250AC23500B8E259 /* Debug */,
				31BCE3B6250AC23500B8E259 /* Release */,
			);
			defaultConfigurationIsVisible = 0;
			defaultConfigurationName = Release;
		};
		31BCE3B7250AC23500B8E259 /* Build configuration list for PBXNativeTarget "WallpapersApp" */ = {
			isa = XCConfigurationList;
			buildConfigurations = (
				31BCE3B8250AC23500B8E259 /* Debug */,
				31BCE3B9250AC23500B8E259 /* Release */,
			);
			defaultConfigurationIsVisible = 0;
			defaultConfigurationName = Release;
		};
/* End XCConfigurationList section */

/* Begin XCRemoteSwiftPackageReference section */
		3157FA7E25783DF3005001F5 /* XCRemoteSwiftPackageReference "SwiftClient" */ = {
			isa = XCRemoteSwiftPackageReference;
			repositoryURL = "https://github.com/AppTelemetry/SwiftClient";
			requirement = {
				kind = upToNextMajorVersion;
				minimumVersion = 1.0.8;
			};
		};
		315D89C2250FB41300DFF6FC /* XCRemoteSwiftPackageReference "swift-snapshot-testing" */ = {
			isa = XCRemoteSwiftPackageReference;
			repositoryURL = "https://github.com/pointfreeco/swift-snapshot-testing.git";
			requirement = {
				kind = upToNextMajorVersion;
				minimumVersion = 1.8.2;
			};
		};
		3187BD6F250EB1FA0033E053 /* XCRemoteSwiftPackageReference "swift-composable-architecture" */ = {
			isa = XCRemoteSwiftPackageReference;
			repositoryURL = "https://github.com/pointfreeco/swift-composable-architecture.git";
			requirement = {
				kind = upToNextMajorVersion;
				minimumVersion = 0.8.0;
			};
		};
		31D845F525B1DD19001F96E0 /* XCRemoteSwiftPackageReference "mixpanel-swift" */ = {
			isa = XCRemoteSwiftPackageReference;
			repositoryURL = "https://github.com/mixpanel/mixpanel-swift.git";
			requirement = {
				kind = upToNextMajorVersion;
				minimumVersion = 2.8.1;
			};
		};
/* End XCRemoteSwiftPackageReference section */

/* Begin XCSwiftPackageProductDependency section */
		3157FA7F25783DF3005001F5 /* TelemetryClient */ = {
			isa = XCSwiftPackageProductDependency;
			package = 3157FA7E25783DF3005001F5 /* XCRemoteSwiftPackageReference "SwiftClient" */;
			productName = TelemetryClient;
		};
		315D89C3250FB41300DFF6FC /* SnapshotTesting */ = {
			isa = XCSwiftPackageProductDependency;
			package = 315D89C2250FB41300DFF6FC /* XCRemoteSwiftPackageReference "swift-snapshot-testing" */;
			productName = SnapshotTesting;
		};
		3187BD70250EB1FA0033E053 /* ComposableArchitecture */ = {
			isa = XCSwiftPackageProductDependency;
			package = 3187BD6F250EB1FA0033E053 /* XCRemoteSwiftPackageReference "swift-composable-architecture" */;
			productName = ComposableArchitecture;
		};
		31D845F625B1DD19001F96E0 /* Mixpanel */ = {
			isa = XCSwiftPackageProductDependency;
			package = 31D845F525B1DD19001F96E0 /* XCRemoteSwiftPackageReference "mixpanel-swift" */;
			productName = Mixpanel;
		};
/* End XCSwiftPackageProductDependency section */
	};
	rootObject = 31BCE3A0250AC23300B8E259 /* Project object */;
}
